// !$*UTF8*$!
{
	archiveVersion = 1;
	classes = {
	};
	objectVersion = 46;
	objects = {

/* Begin PBXBuildFile section */
		8CB3929C1DE10BDF00576B3F /* main.m in Sources */ = {isa = PBXBuildFile; fileRef = 8CB3929B1DE10BDF00576B3F /* main.m */; };
		8CB3929F1DE10BDF00576B3F /* AppDelegate.m in Sources */ = {isa = PBXBuildFile; fileRef = 8CB3929E1DE10BDF00576B3F /* AppDelegate.m */; };
		8CB392A71DE10BDF00576B3F /* Assets.xcassets in Resources */ = {isa = PBXBuildFile; fileRef = 8CB392A61DE10BDF00576B3F /* Assets.xcassets */; };
		8CB392AA1DE10BDF00576B3F /* LaunchScreen.storyboard in Resources */ = {isa = PBXBuildFile; fileRef = 8CB392A81DE10BDF00576B3F /* LaunchScreen.storyboard */; };
		8CB392F01DE10D8700576B3F /* NSArray+CZAddition.m in Sources */ = {isa = PBXBuildFile; fileRef = 8CB392B51DE10D8700576B3F /* NSArray+CZAddition.m */; };
		8CB392F11DE10D8700576B3F /* NSAttributedString+CZAdditon.m in Sources */ = {isa = PBXBuildFile; fileRef = 8CB392B71DE10D8700576B3F /* NSAttributedString+CZAdditon.m */; };
		8CB392F21DE10D8700576B3F /* NSObject+CZAddition.m in Sources */ = {isa = PBXBuildFile; fileRef = 8CB392B91DE10D8700576B3F /* NSObject+CZAddition.m */; };
		8CB392F31DE10D8700576B3F /* UIColor+CZAddition.m in Sources */ = {isa = PBXBuildFile; fileRef = 8CB392BB1DE10D8700576B3F /* UIColor+CZAddition.m */; };
		8CB392F41DE10D8700576B3F /* UILabel+CZAddition.m in Sources */ = {isa = PBXBuildFile; fileRef = 8CB392BD1DE10D8700576B3F /* UILabel+CZAddition.m */; };
		8CB392F51DE10D8700576B3F /* UIView+CZAddition.m in Sources */ = {isa = PBXBuildFile; fileRef = 8CB392BF1DE10D8700576B3F /* UIView+CZAddition.m */; };
		8CB392F61DE10D8700576B3F /* LLUnlockScreenController.m in Sources */ = {isa = PBXBuildFile; fileRef = 8CB392C21DE10D8700576B3F /* LLUnlockScreenController.m */; };
		8CB392F71DE10D8700576B3F /* Info.plist in Resources */ = {isa = PBXBuildFile; fileRef = 8CB392C81DE10D8700576B3F /* Info.plist */; };
		8CB392F81DE10D8700576B3F /* MASCompositeConstraint.m in Sources */ = {isa = PBXBuildFile; fileRef = 8CB392CA1DE10D8700576B3F /* MASCompositeConstraint.m */; };
		8CB392F91DE10D8700576B3F /* MASConstraint.m in Sources */ = {isa = PBXBuildFile; fileRef = 8CB392CD1DE10D8700576B3F /* MASConstraint.m */; };
		8CB392FA1DE10D8700576B3F /* MASConstraintMaker.m in Sources */ = {isa = PBXBuildFile; fileRef = 8CB392CF1DE10D8700576B3F /* MASConstraintMaker.m */; };
		8CB392FB1DE10D8700576B3F /* MASLayoutConstraint.m in Sources */ = {isa = PBXBuildFile; fileRef = 8CB392D11DE10D8700576B3F /* MASLayoutConstraint.m */; };
		8CB392FC1DE10D8700576B3F /* MASViewAttribute.m in Sources */ = {isa = PBXBuildFile; fileRef = 8CB392D51DE10D8700576B3F /* MASViewAttribute.m */; };
		8CB392FD1DE10D8700576B3F /* MASViewConstraint.m in Sources */ = {isa = PBXBuildFile; fileRef = 8CB392D71DE10D8700576B3F /* MASViewConstraint.m */; };
		8CB392FE1DE10D8700576B3F /* NSArray+MASAdditions.m in Sources */ = {isa = PBXBuildFile; fileRef = 8CB392D91DE10D8700576B3F /* NSArray+MASAdditions.m */; };
		8CB392FF1DE10D8700576B3F /* NSLayoutConstraint+MASDebugAdditions.m in Sources */ = {isa = PBXBuildFile; fileRef = 8CB392DC1DE10D8700576B3F /* NSLayoutConstraint+MASDebugAdditions.m */; };
		8CB393001DE10D8700576B3F /* View+MASAdditions.m in Sources */ = {isa = PBXBuildFile; fileRef = 8CB392DE1DE10D8700576B3F /* View+MASAdditions.m */; };
		8CB393011DE10D8700576B3F /* ViewController+MASAdditions.m in Sources */ = {isa = PBXBuildFile; fileRef = 8CB392E11DE10D8700576B3F /* ViewController+MASAdditions.m */; };
		8CB393021DE10D8700576B3F /* SVIndefiniteAnimatedView.m in Sources */ = {isa = PBXBuildFile; fileRef = 8CB392E41DE10D8700576B3F /* SVIndefiniteAnimatedView.m */; };
		8CB393031DE10D8700576B3F /* SVProgressAnimatedView.m in Sources */ = {isa = PBXBuildFile; fileRef = 8CB392E61DE10D8700576B3F /* SVProgressAnimatedView.m */; };
		8CB393041DE10D8700576B3F /* SVProgressHUD.bundle in Resources */ = {isa = PBXBuildFile; fileRef = 8CB392E81DE10D8700576B3F /* SVProgressHUD.bundle */; };
		8CB393051DE10D8700576B3F /* SVProgressHUD.m in Sources */ = {isa = PBXBuildFile; fileRef = 8CB392EA1DE10D8700576B3F /* SVProgressHUD.m */; };
		8CB393061DE10D8700576B3F /* SVRadialGradientLayer.m in Sources */ = {isa = PBXBuildFile; fileRef = 8CB392EC1DE10D8700576B3F /* SVRadialGradientLayer.m */; };
		8CB393071DE10D8700576B3F /* LLUnlockView.m in Sources */ = {isa = PBXBuildFile; fileRef = 8CB392EF1DE10D8700576B3F /* LLUnlockView.m */; };
/* End PBXBuildFile section */

/* Begin PBXFileReference section */
		8CB392971DE10BDF00576B3F /* LLLockScreen.app */ = {isa = PBXFileReference; explicitFileType = wrapper.application; includeInIndex = 0; path = LLLockScreen.app; sourceTree = BUILT_PRODUCTS_DIR; };
		8CB3929B1DE10BDF00576B3F /* main.m */ = {isa = PBXFileReference; lastKnownFileType = sourcecode.c.objc; path = main.m; sourceTree = "<group>"; };
		8CB3929D1DE10BDF00576B3F /* AppDelegate.h */ = {isa = PBXFileReference; lastKnownFileType = sourcecode.c.h; path = AppDelegate.h; sourceTree = "<group>"; };
		8CB3929E1DE10BDF00576B3F /* AppDelegate.m */ = {isa = PBXFileReference; lastKnownFileType = sourcecode.c.objc; path = AppDelegate.m; sourceTree = "<group>"; };
		8CB392A61DE10BDF00576B3F /* Assets.xcassets */ = {isa = PBXFileReference; lastKnownFileType = folder.assetcatalog; path = Assets.xcassets; sourceTree = "<group>"; };
		8CB392A91DE10BDF00576B3F /* Base */ = {isa = PBXFileReference; lastKnownFileType = file.storyboard; name = Base; path = Base.lproj/LaunchScreen.storyboard; sourceTree = "<group>"; };
		8CB392AB1DE10BDF00576B3F /* Info.plist */ = {isa = PBXFileReference; lastKnownFileType = text.plist.xml; path = Info.plist; sourceTree = "<group>"; };
		8CB392B31DE10D8700576B3F /* CZAdditions.h */ = {isa = PBXFileReference; fileEncoding = 4; lastKnownFileType = sourcecode.c.h; path = CZAdditions.h; sourceTree = "<group>"; };
		8CB392B41DE10D8700576B3F /* NSArray+CZAddition.h */ = {isa = PBXFileReference; fileEncoding = 4; lastKnownFileType = sourcecode.c.h; path = "NSArray+CZAddition.h"; sourceTree = "<group>"; };
		8CB392B51DE10D8700576B3F /* NSArray+CZAddition.m */ = {isa = PBXFileReference; fileEncoding = 4; lastKnownFileType = sourcecode.c.objc; path = "NSArray+CZAddition.m"; sourceTree = "<group>"; };
		8CB392B61DE10D8700576B3F /* NSAttributedString+CZAdditon.h */ = {isa = PBXFileReference; fileEncoding = 4; lastKnownFileType = sourcecode.c.h; path = "NSAttributedString+CZAdditon.h"; sourceTree = "<group>"; };
		8CB392B71DE10D8700576B3F /* NSAttributedString+CZAdditon.m */ = {isa = PBXFileReference; fileEncoding = 4; lastKnownFileType = sourcecode.c.objc; path = "NSAttributedString+CZAdditon.m"; sourceTree = "<group>"; };
		8CB392B81DE10D8700576B3F /* NSObject+CZAddition.h */ = {isa = PBXFileReference; fileEncoding = 4; lastKnownFileType = sourcecode.c.h; path = "NSObject+CZAddition.h"; sourceTree = "<group>"; };
		8CB392B91DE10D8700576B3F /* NSObject+CZAddition.m */ = {isa = PBXFileReference; fileEncoding = 4; lastKnownFileType = sourcecode.c.objc; path = "NSObject+CZAddition.m"; sourceTree = "<group>"; };
		8CB392BA1DE10D8700576B3F /* UIColor+CZAddition.h */ = {isa = PBXFileReference; fileEncoding = 4; lastKnownFileType = sourcecode.c.h; path = "UIColor+CZAddition.h"; sourceTree = "<group>"; };
		8CB392BB1DE10D8700576B3F /* UIColor+CZAddition.m */ = {isa = PBXFileReference; fileEncoding = 4; lastKnownFileType = sourcecode.c.objc; path = "UIColor+CZAddition.m"; sourceTree = "<group>"; };
		8CB392BC1DE10D8700576B3F /* UILabel+CZAddition.h */ = {isa = PBXFileReference; fileEncoding = 4; lastKnownFileType = sourcecode.c.h; path = "UILabel+CZAddition.h"; sourceTree = "<group>"; };
		8CB392BD1DE10D8700576B3F /* UILabel+CZAddition.m */ = {isa = PBXFileReference; fileEncoding = 4; lastKnownFileType = sourcecode.c.objc; path = "UILabel+CZAddition.m"; sourceTree = "<group>"; };
		8CB392BE1DE10D8700576B3F /* UIView+CZAddition.h */ = {isa = PBXFileReference; fileEncoding = 4; lastKnownFileType = sourcecode.c.h; path = "UIView+CZAddition.h"; sourceTree = "<group>"; };
		8CB392BF1DE10D8700576B3F /* UIView+CZAddition.m */ = {isa = PBXFileReference; fileEncoding = 4; lastKnownFileType = sourcecode.c.objc; path = "UIView+CZAddition.m"; sourceTree = "<group>"; };
		8CB392C11DE10D8700576B3F /* LLUnlockScreenController.h */ = {isa = PBXFileReference; fileEncoding = 4; lastKnownFileType = sourcecode.c.h; path = LLUnlockScreenController.h; sourceTree = "<group>"; };
		8CB392C21DE10D8700576B3F /* LLUnlockScreenController.m */ = {isa = PBXFileReference; fileEncoding = 4; lastKnownFileType = sourcecode.c.objc; path = LLUnlockScreenController.m; sourceTree = "<group>"; };
		8CB392C81DE10D8700576B3F /* Info.plist */ = {isa = PBXFileReference; fileEncoding = 4; lastKnownFileType = text.plist.xml; path = Info.plist; sourceTree = "<group>"; };
		8CB392C91DE10D8700576B3F /* MASCompositeConstraint.h */ = {isa = PBXFileReference; fileEncoding = 4; lastKnownFileType = sourcecode.c.h; path = MASCompositeConstraint.h; sourceTree = "<group>"; };
		8CB392CA1DE10D8700576B3F /* MASCompositeConstraint.m */ = {isa = PBXFileReference; fileEncoding = 4; lastKnownFileType = sourcecode.c.objc; path = MASCompositeConstraint.m; sourceTree = "<group>"; };
		8CB392CB1DE10D8700576B3F /* MASConstraint+Private.h */ = {isa = PBXFileReference; fileEncoding = 4; lastKnownFileType = sourcecode.c.h; path = "MASConstraint+Private.h"; sourceTree = "<group>"; };
		8CB392CC1DE10D8700576B3F /* MASConstraint.h */ = {isa = PBXFileReference; fileEncoding = 4; lastKnownFileType = sourcecode.c.h; path = MASConstraint.h; sourceTree = "<group>"; };
		8CB392CD1DE10D8700576B3F /* MASConstraint.m */ = {isa = PBXFileReference; fileEncoding = 4; lastKnownFileType = sourcecode.c.objc; path = MASConstraint.m; sourceTree = "<group>"; };
		8CB392CE1DE10D8700576B3F /* MASConstraintMaker.h */ = {isa = PBXFileReference; fileEncoding = 4; lastKnownFileType = sourcecode.c.h; path = MASConstraintMaker.h; sourceTree = "<group>"; };
		8CB392CF1DE10D8700576B3F /* MASConstraintMaker.m */ = {isa = PBXFileReference; fileEncoding = 4; lastKnownFileType = sourcecode.c.objc; path = MASConstraintMaker.m; sourceTree = "<group>"; };
		8CB392D01DE10D8700576B3F /* MASLayoutConstraint.h */ = {isa = PBXFileReference; fileEncoding = 4; lastKnownFileType = sourcecode.c.h; path = MASLayoutConstraint.h; sourceTree = "<group>"; };
		8CB392D11DE10D8700576B3F /* MASLayoutConstraint.m */ = {isa = PBXFileReference; fileEncoding = 4; lastKnownFileType = sourcecode.c.objc; path = MASLayoutConstraint.m; sourceTree = "<group>"; };
		8CB392D21DE10D8700576B3F /* Masonry.h */ = {isa = PBXFileReference; fileEncoding = 4; lastKnownFileType = sourcecode.c.h; path = Masonry.h; sourceTree = "<group>"; };
		8CB392D31DE10D8700576B3F /* MASUtilities.h */ = {isa = PBXFileReference; fileEncoding = 4; lastKnownFileType = sourcecode.c.h; path = MASUtilities.h; sourceTree = "<group>"; };
		8CB392D41DE10D8700576B3F /* MASViewAttribute.h */ = {isa = PBXFileReference; fileEncoding = 4; lastKnownFileType = sourcecode.c.h; path = MASViewAttribute.h; sourceTree = "<group>"; };
		8CB392D51DE10D8700576B3F /* MASViewAttribute.m */ = {isa = PBXFileReference; fileEncoding = 4; lastKnownFileType = sourcecode.c.objc; path = MASViewAttribute.m; sourceTree = "<group>"; };
		8CB392D61DE10D8700576B3F /* MASViewConstraint.h */ = {isa = PBXFileReference; fileEncoding = 4; lastKnownFileType = sourcecode.c.h; path = MASViewConstraint.h; sourceTree = "<group>"; };
		8CB392D71DE10D8700576B3F /* MASViewConstraint.m */ = {isa = PBXFileReference; fileEncoding = 4; lastKnownFileType = sourcecode.c.objc; path = MASViewConstraint.m; sourceTree = "<group>"; };
		8CB392D81DE10D8700576B3F /* NSArray+MASAdditions.h */ = {isa = PBXFileReference; fileEncoding = 4; lastKnownFileType = sourcecode.c.h; path = "NSArray+MASAdditions.h"; sourceTree = "<group>"; };
		8CB392D91DE10D8700576B3F /* NSArray+MASAdditions.m */ = {isa = PBXFileReference; fileEncoding = 4; lastKnownFileType = sourcecode.c.objc; path = "NSArray+MASAdditions.m"; sourceTree = "<group>"; };
		8CB392DA1DE10D8700576B3F /* NSArray+MASShorthandAdditions.h */ = {isa = PBXFileReference; fileEncoding = 4; lastKnownFileType = sourcecode.c.h; path = "NSArray+MASShorthandAdditions.h"; sourceTree = "<group>"; };
		8CB392DB1DE10D8700576B3F /* NSLayoutConstraint+MASDebugAdditions.h */ = {isa = PBXFileReference; fileEncoding = 4; lastKnownFileType = sourcecode.c.h; path = "NSLayoutConstraint+MASDebugAdditions.h"; sourceTree = "<group>"; };
		8CB392DC1DE10D8700576B3F /* NSLayoutConstraint+MASDebugAdditions.m */ = {isa = PBXFileReference; fileEncoding = 4; lastKnownFileType = sourcecode.c.objc; path = "NSLayoutConstraint+MASDebugAdditions.m"; sourceTree = "<group>"; };
		8CB392DD1DE10D8700576B3F /* View+MASAdditions.h */ = {isa = PBXFileReference; fileEncoding = 4; lastKnownFileType = sourcecode.c.h; path = "View+MASAdditions.h"; sourceTree = "<group>"; };
		8CB392DE1DE10D8700576B3F /* View+MASAdditions.m */ = {isa = PBXFileReference; fileEncoding = 4; lastKnownFileType = sourcecode.c.objc; path = "View+MASAdditions.m"; sourceTree = "<group>"; };
		8CB392DF1DE10D8700576B3F /* View+MASShorthandAdditions.h */ = {isa = PBXFileReference; fileEncoding = 4; lastKnownFileType = sourcecode.c.h; path = "View+MASShorthandAdditions.h"; sourceTree = "<group>"; };
		8CB392E01DE10D8700576B3F /* ViewController+MASAdditions.h */ = {isa = PBXFileReference; fileEncoding = 4; lastKnownFileType = sourcecode.c.h; path = "ViewController+MASAdditions.h"; sourceTree = "<group>"; };
		8CB392E11DE10D8700576B3F /* ViewController+MASAdditions.m */ = {isa = PBXFileReference; fileEncoding = 4; lastKnownFileType = sourcecode.c.objc; path = "ViewController+MASAdditions.m"; sourceTree = "<group>"; };
		8CB392E31DE10D8700576B3F /* SVIndefiniteAnimatedView.h */ = {isa = PBXFileReference; fileEncoding = 4; lastKnownFileType = sourcecode.c.h; path = SVIndefiniteAnimatedView.h; sourceTree = "<group>"; };
		8CB392E41DE10D8700576B3F /* SVIndefiniteAnimatedView.m */ = {isa = PBXFileReference; fileEncoding = 4; lastKnownFileType = sourcecode.c.objc; path = SVIndefiniteAnimatedView.m; sourceTree = "<group>"; };
		8CB392E51DE10D8700576B3F /* SVProgressAnimatedView.h */ = {isa = PBXFileReference; fileEncoding = 4; lastKnownFileType = sourcecode.c.h; path = SVProgressAnimatedView.h; sourceTree = "<group>"; };
		8CB392E61DE10D8700576B3F /* SVProgressAnimatedView.m */ = {isa = PBXFileReference; fileEncoding = 4; lastKnownFileType = sourcecode.c.objc; path = SVProgressAnimatedView.m; sourceTree = "<group>"; };
		8CB392E71DE10D8700576B3F /* SVProgressHUD-Prefix.pch */ = {isa = PBXFileReference; fileEncoding = 4; lastKnownFileType = sourcecode.c.h; path = "SVProgressHUD-Prefix.pch"; sourceTree = "<group>"; };
		8CB392E81DE10D8700576B3F /* SVProgressHUD.bundle */ = {isa = PBXFileReference; lastKnownFileType = "wrapper.plug-in"; path = SVProgressHUD.bundle; sourceTree = "<group>"; };
		8CB392E91DE10D8700576B3F /* SVProgressHUD.h */ = {isa = PBXFileReference; fileEncoding = 4; lastKnownFileType = sourcecode.c.h; path = SVProgressHUD.h; sourceTree = "<group>"; };
		8CB392EA1DE10D8700576B3F /* SVProgressHUD.m */ = {isa = PBXFileReference; fileEncoding = 4; lastKnownFileType = sourcecode.c.objc; path = SVProgressHUD.m; sourceTree = "<group>"; };
		8CB392EB1DE10D8700576B3F /* SVRadialGradientLayer.h */ = {isa = PBXFileReference; fileEncoding = 4; lastKnownFileType = sourcecode.c.h; path = SVRadialGradientLayer.h; sourceTree = "<group>"; };
		8CB392EC1DE10D8700576B3F /* SVRadialGradientLayer.m */ = {isa = PBXFileReference; fileEncoding = 4; lastKnownFileType = sourcecode.c.objc; path = SVRadialGradientLayer.m; sourceTree = "<group>"; };
		8CB392EE1DE10D8700576B3F /* LLUnlockView.h */ = {isa = PBXFileReference; fileEncoding = 4; lastKnownFileType = sourcecode.c.h; path = LLUnlockView.h; sourceTree = "<group>"; };
		8CB392EF1DE10D8700576B3F /* LLUnlockView.m */ = {isa = PBXFileReference; fileEncoding = 4; lastKnownFileType = sourcecode.c.objc; path = LLUnlockView.m; sourceTree = "<group>"; };
/* End PBXFileReference section */

/* Begin PBXFrameworksBuildPhase section */
		8CB392941DE10BDF00576B3F /* Frameworks */ = {
			isa = PBXFrameworksBuildPhase;
			buildActionMask = 2147483647;
			files = (
			);
			runOnlyForDeploymentPostprocessing = 0;
		};
/* End PBXFrameworksBuildPhase section */

/* Begin PBXGroup section */
		8CB3928E1DE10BDF00576B3F = {
			isa = PBXGroup;
			children = (
				8CB392991DE10BDF00576B3F /* LLLockScreen */,
				8CB392981DE10BDF00576B3F /* Products */,
			);
			sourceTree = "<group>";
		};
		8CB392981DE10BDF00576B3F /* Products */ = {
			isa = PBXGroup;
			children = (
				8CB392971DE10BDF00576B3F /* LLLockScreen.app */,
			);
			name = Products;
			sourceTree = "<group>";
		};
		8CB392991DE10BDF00576B3F /* LLLockScreen */ = {
			isa = PBXGroup;
			children = (
				8CB392B11DE10D8700576B3F /* Classes */,
				8CB3929D1DE10BDF00576B3F /* AppDelegate.h */,
				8CB3929E1DE10BDF00576B3F /* AppDelegate.m */,
				8CB392A61DE10BDF00576B3F /* Assets.xcassets */,
				8CB392A81DE10BDF00576B3F /* LaunchScreen.storyboard */,
				8CB392AB1DE10BDF00576B3F /* Info.plist */,
				8CB3929A1DE10BDF00576B3F /* Supporting Files */,
			);
			path = LLLockScreen;
			sourceTree = "<group>";
		};
		8CB3929A1DE10BDF00576B3F /* Supporting Files */ = {
			isa = PBXGroup;
			children = (
				8CB3929B1DE10BDF00576B3F /* main.m */,
			);
			name = "Supporting Files";
			sourceTree = "<group>";
		};
		8CB392B11DE10D8700576B3F /* Classes */ = {
			isa = PBXGroup;
			children = (
				8CB392B21DE10D8700576B3F /* Additions */,
				8CB392C01DE10D8700576B3F /* Controller */,
				8CB392C31DE10D8700576B3F /* Model */,
				8CB392C41DE10D8700576B3F /* Other */,
				8CB392C51DE10D8700576B3F /* ThirdLibs */,
				8CB392ED1DE10D8700576B3F /* View */,
			);
			path = Classes;
			sourceTree = "<group>";
		};
		8CB392B21DE10D8700576B3F /* Additions */ = {
			isa = PBXGroup;
			children = (
				8CB392B31DE10D8700576B3F /* CZAdditions.h */,
				8CB392B41DE10D8700576B3F /* NSArray+CZAddition.h */,
				8CB392B51DE10D8700576B3F /* NSArray+CZAddition.m */,
				8CB392B61DE10D8700576B3F /* NSAttributedString+CZAdditon.h */,
				8CB392B71DE10D8700576B3F /* NSAttributedString+CZAdditon.m */,
				8CB392B81DE10D8700576B3F /* NSObject+CZAddition.h */,
				8CB392B91DE10D8700576B3F /* NSObject+CZAddition.m */,
				8CB392BA1DE10D8700576B3F /* UIColor+CZAddition.h */,
				8CB392BB1DE10D8700576B3F /* UIColor+CZAddition.m */,
				8CB392BC1DE10D8700576B3F /* UILabel+CZAddition.h */,
				8CB392BD1DE10D8700576B3F /* UILabel+CZAddition.m */,
				8CB392BE1DE10D8700576B3F /* UIView+CZAddition.h */,
				8CB392BF1DE10D8700576B3F /* UIView+CZAddition.m */,
			);
			path = Additions;
			sourceTree = "<group>";
		};
		8CB392C01DE10D8700576B3F /* Controller */ = {
			isa = PBXGroup;
			children = (
				8CB392C11DE10D8700576B3F /* LLUnlockScreenController.h */,
				8CB392C21DE10D8700576B3F /* LLUnlockScreenController.m */,
			);
			path = Controller;
			sourceTree = "<group>";
		};
		8CB392C31DE10D8700576B3F /* Model */ = {
			isa = PBXGroup;
			children = (
			);
			path = Model;
			sourceTree = "<group>";
		};
		8CB392C41DE10D8700576B3F /* Other */ = {
			isa = PBXGroup;
			children = (
			);
			path = Other;
			sourceTree = "<group>";
		};
		8CB392C51DE10D8700576B3F /* ThirdLibs */ = {
			isa = PBXGroup;
			children = (
				8CB392C61DE10D8700576B3F /* ThirdLib */,
			);
			path = ThirdLibs;
			sourceTree = "<group>";
		};
		8CB392C61DE10D8700576B3F /* ThirdLib */ = {
			isa = PBXGroup;
			children = (
				8CB392C71DE10D8700576B3F /* Masonry */,
				8CB392E21DE10D8700576B3F /* SVProgressHUD */,
			);
			path = ThirdLib;
			sourceTree = "<group>";
		};
		8CB392C71DE10D8700576B3F /* Masonry */ = {
			isa = PBXGroup;
			children = (
				8CB392C81DE10D8700576B3F /* Info.plist */,
				8CB392C91DE10D8700576B3F /* MASCompositeConstraint.h */,
				8CB392CA1DE10D8700576B3F /* MASCompositeConstraint.m */,
				8CB392CB1DE10D8700576B3F /* MASConstraint+Private.h */,
				8CB392CC1DE10D8700576B3F /* MASConstraint.h */,
				8CB392CD1DE10D8700576B3F /* MASConstraint.m */,
				8CB392CE1DE10D8700576B3F /* MASConstraintMaker.h */,
				8CB392CF1DE10D8700576B3F /* MASConstraintMaker.m */,
				8CB392D01DE10D8700576B3F /* MASLayoutConstraint.h */,
				8CB392D11DE10D8700576B3F /* MASLayoutConstraint.m */,
				8CB392D21DE10D8700576B3F /* Masonry.h */,
				8CB392D31DE10D8700576B3F /* MASUtilities.h */,
				8CB392D41DE10D8700576B3F /* MASViewAttribute.h */,
				8CB392D51DE10D8700576B3F /* MASViewAttribute.m */,
				8CB392D61DE10D8700576B3F /* MASViewConstraint.h */,
				8CB392D71DE10D8700576B3F /* MASViewConstraint.m */,
				8CB392D81DE10D8700576B3F /* NSArray+MASAdditions.h */,
				8CB392D91DE10D8700576B3F /* NSArray+MASAdditions.m */,
				8CB392DA1DE10D8700576B3F /* NSArray+MASShorthandAdditions.h */,
				8CB392DB1DE10D8700576B3F /* NSLayoutConstraint+MASDebugAdditions.h */,
				8CB392DC1DE10D8700576B3F /* NSLayoutConstraint+MASDebugAdditions.m */,
				8CB392DD1DE10D8700576B3F /* View+MASAdditions.h */,
				8CB392DE1DE10D8700576B3F /* View+MASAdditions.m */,
				8CB392DF1DE10D8700576B3F /* View+MASShorthandAdditions.h */,
				8CB392E01DE10D8700576B3F /* ViewController+MASAdditions.h */,
				8CB392E11DE10D8700576B3F /* ViewController+MASAdditions.m */,
			);
			path = Masonry;
			sourceTree = "<group>";
		};
		8CB392E21DE10D8700576B3F /* SVProgressHUD */ = {
			isa = PBXGroup;
			children = (
				8CB392E31DE10D8700576B3F /* SVIndefiniteAnimatedView.h */,
				8CB392E41DE10D8700576B3F /* SVIndefiniteAnimatedView.m */,
				8CB392E51DE10D8700576B3F /* SVProgressAnimatedView.h */,
				8CB392E61DE10D8700576B3F /* SVProgressAnimatedView.m */,
				8CB392E71DE10D8700576B3F /* SVProgressHUD-Prefix.pch */,
				8CB392E81DE10D8700576B3F /* SVProgressHUD.bundle */,
				8CB392E91DE10D8700576B3F /* SVProgressHUD.h */,
				8CB392EA1DE10D8700576B3F /* SVProgressHUD.m */,
				8CB392EB1DE10D8700576B3F /* SVRadialGradientLayer.h */,
				8CB392EC1DE10D8700576B3F /* SVRadialGradientLayer.m */,
			);
			path = SVProgressHUD;
			sourceTree = "<group>";
		};
		8CB392ED1DE10D8700576B3F /* View */ = {
			isa = PBXGroup;
			children = (
				8CB392EE1DE10D8700576B3F /* LLUnlockView.h */,
				8CB392EF1DE10D8700576B3F /* LLUnlockView.m */,
			);
			path = View;
			sourceTree = "<group>";
		};
/* End PBXGroup section */

/* Begin PBXNativeTarget section */
		8CB392961DE10BDF00576B3F /* LLLockScreen */ = {
			isa = PBXNativeTarget;
			buildConfigurationList = 8CB392AE1DE10BDF00576B3F /* Build configuration list for PBXNativeTarget "LLLockScreen" */;
			buildPhases = (
				8CB392931DE10BDF00576B3F /* Sources */,
				8CB392941DE10BDF00576B3F /* Frameworks */,
				8CB392951DE10BDF00576B3F /* Resources */,
			);
			buildRules = (
			);
			dependencies = (
			);
			name = LLLockScreen;
			productName = LLLockScreen;
			productReference = 8CB392971DE10BDF00576B3F /* LLLockScreen.app */;
			productType = "com.apple.product-type.application";
		};
/* End PBXNativeTarget section */

/* Begin PBXProject section */
		8CB3928F1DE10BDF00576B3F /* Project object */ = {
			isa = PBXProject;
			attributes = {
				LastUpgradeCheck = 0800;
				ORGANIZATIONNAME = liushaohua;
				TargetAttributes = {
					8CB392961DE10BDF00576B3F = {
						CreatedOnToolsVersion = 8.0;
						ProvisioningStyle = Automatic;
					};
				};
			};
			buildConfigurationList = 8CB392921DE10BDF00576B3F /* Build configuration list for PBXProject "LLLockScreen" */;
			compatibilityVersion = "Xcode 3.2";
			developmentRegion = English;
			hasScannedForEncodings = 0;
			knownRegions = (
				en,
				Base,
			);
			mainGroup = 8CB3928E1DE10BDF00576B3F;
			productRefGroup = 8CB392981DE10BDF00576B3F /* Products */;
			projectDirPath = "";
			projectRoot = "";
			targets = (
				8CB392961DE10BDF00576B3F /* LLLockScreen */,
			);
		};
/* End PBXProject section */

/* Begin PBXResourcesBuildPhase section */
		8CB392951DE10BDF00576B3F /* Resources */ = {
			isa = PBXResourcesBuildPhase;
			buildActionMask = 2147483647;
			files = (
				8CB392AA1DE10BDF00576B3F /* LaunchScreen.storyboard in Resources */,
				8CB392A71DE10BDF00576B3F /* Assets.xcassets in Resources */,
				8CB392F71DE10D8700576B3F /* Info.plist in Resources */,
				8CB393041DE10D8700576B3F /* SVProgressHUD.bundle in Resources */,
			);
			runOnlyForDeploymentPostprocessing = 0;
		};
/* End PBXResourcesBuildPhase section */

/* Begin PBXSourcesBuildPhase section */
		8CB392931DE10BDF00576B3F /* Sources */ = {
			isa = PBXSourcesBuildPhase;
			buildActionMask = 2147483647;
			files = (
				8CB392FD1DE10D8700576B3F /* MASViewConstraint.m in Sources */,
				8CB392F11DE10D8700576B3F /* NSAttributedString+CZAdditon.m in Sources */,
				8CB392FC1DE10D8700576B3F /* MASViewAttribute.m in Sources */,
				8CB392F21DE10D8700576B3F /* NSObject+CZAddition.m in Sources */,
				8CB392F31DE10D8700576B3F /* UIColor+CZAddition.m in Sources */,
				8CB392F51DE10D8700576B3F /* UIView+CZAddition.m in Sources */,
				8CB392F81DE10D8700576B3F /* MASCompositeConstraint.m in Sources */,
				8CB392FA1DE10D8700576B3F /* MASConstraintMaker.m in Sources */,
				8CB393071DE10D8700576B3F /* LLUnlockView.m in Sources */,
				8CB393061DE10D8700576B3F /* SVRadialGradientLayer.m in Sources */,
				8CB393001DE10D8700576B3F /* View+MASAdditions.m in Sources */,
				8CB393051DE10D8700576B3F /* SVProgressHUD.m in Sources */,
				8CB392FB1DE10D8700576B3F /* MASLayoutConstraint.m in Sources */,
				8CB393011DE10D8700576B3F /* ViewController+MASAdditions.m in Sources */,
				8CB392F91DE10D8700576B3F /* MASConstraint.m in Sources */,
				8CB392F41DE10D8700576B3F /* UILabel+CZAddition.m in Sources */,
				8CB392F01DE10D8700576B3F /* NSArray+CZAddition.m in Sources */,
				8CB392FE1DE10D8700576B3F /* NSArray+MASAdditions.m in Sources */,
				8CB393021DE10D8700576B3F /* SVIndefiniteAnimatedView.m in Sources */,
				8CB392FF1DE10D8700576B3F /* NSLayoutConstraint+MASDebugAdditions.m in Sources */,
				8CB393031DE10D8700576B3F /* SVProgressAnimatedView.m in Sources */,
				8CB3929F1DE10BDF00576B3F /* AppDelegate.m in Sources */,
				8CB3929C1DE10BDF00576B3F /* main.m in Sources */,
				8CB392F61DE10D8700576B3F /* LLUnlockScreenController.m in Sources */,
			);
			runOnlyForDeploymentPostprocessing = 0;
		};
/* End PBXSourcesBuildPhase section */

/* Begin PBXVariantGroup section */
		8CB392A81DE10BDF00576B3F /* LaunchScreen.storyboard */ = {
			isa = PBXVariantGroup;
			children = (
				8CB392A91DE10BDF00576B3F /* Base */,
			);
			name = LaunchScreen.storyboard;
			sourceTree = "<group>";
		};
/* End PBXVariantGroup section */

/* Begin XCBuildConfiguration section */
		8CB392AC1DE10BDF00576B3F /* Debug */ = {
			isa = XCBuildConfiguration;
			buildSettings = {
				ALWAYS_SEARCH_USER_PATHS = NO;
				CLANG_ANALYZER_NONNULL = YES;
				CLANG_CXX_LANGUAGE_STANDARD = "gnu++0x";
				CLANG_CXX_LIBRARY = "libc++";
				CLANG_ENABLE_MODULES = YES;
				CLANG_ENABLE_OBJC_ARC = YES;
				CLANG_WARN_BOOL_CONVERSION = YES;
				CLANG_WARN_CONSTANT_CONVERSION = YES;
				CLANG_WARN_DIRECT_OBJC_ISA_USAGE = YES_ERROR;
				CLANG_WARN_DOCUMENTATION_COMMENTS = YES;
				CLANG_WARN_EMPTY_BODY = YES;
				CLANG_WARN_ENUM_CONVERSION = YES;
				CLANG_WARN_INFINITE_RECURSION = YES;
				CLANG_WARN_INT_CONVERSION = YES;
				CLANG_WARN_OBJC_ROOT_CLASS = YES_ERROR;
				CLANG_WARN_SUSPICIOUS_MOVES = YES;
				CLANG_WARN_UNREACHABLE_CODE = YES;
				CLANG_WARN__DUPLICATE_METHOD_MATCH = YES;
				"CODE_SIGN_IDENTITY[sdk=iphoneos*]" = "iPhone Developer";
				COPY_PHASE_STRIP = NO;
				DEBUG_INFORMATION_FORMAT = dwarf;
				ENABLE_STRICT_OBJC_MSGSEND = YES;
				ENABLE_TESTABILITY = YES;
				GCC_C_LANGUAGE_STANDARD = gnu99;
				GCC_DYNAMIC_NO_PIC = NO;
				GCC_NO_COMMON_BLOCKS = YES;
				GCC_OPTIMIZATION_LEVEL = 0;
				GCC_PREPROCESSOR_DEFINITIONS = (
					"DEBUG=1",
					"$(inherited)",
				);
				GCC_WARN_64_TO_32_BIT_CONVERSION = YES;
				GCC_WARN_ABOUT_RETURN_TYPE = YES_ERROR;
				GCC_WARN_UNDECLARED_SELECTOR = YES;
				GCC_WARN_UNINITIALIZED_AUTOS = YES_AGGRESSIVE;
				GCC_WARN_UNUSED_FUNCTION = YES;
				GCC_WARN_UNUSED_VARIABLE = YES;
				IPHONEOS_DEPLOYMENT_TARGET = 10.0;
				MTL_ENABLE_DEBUG_INFO = YES;
				ONLY_ACTIVE_ARCH = YES;
				SDKROOT = iphoneos;
			};
			name = Debug;
		};
		8CB392AD1DE10BDF00576B3F /* Release */ = {
			isa = XCBuildConfiguration;
			buildSettings = {
				ALWAYS_SEARCH_USER_PATHS = NO;
				CLANG_ANALYZER_NONNULL = YES;
				CLANG_CXX_LANGUAGE_STANDARD = "gnu++0x";
				CLANG_CXX_LIBRARY = "libc++";
				CLANG_ENABLE_MODULES = YES;
				CLANG_ENABLE_OBJC_ARC = YES;
				CLANG_WARN_BOOL_CONVERSION = YES;
				CLANG_WARN_CONSTANT_CONVERSION = YES;
				CLANG_WARN_DIRECT_OBJC_ISA_USAGE = YES_ERROR;
				CLANG_WARN_DOCUMENTATION_COMMENTS = YES;
				CLANG_WARN_EMPTY_BODY = YES;
				CLANG_WARN_ENUM_CONVERSION = YES;
				CLANG_WARN_INFINITE_RECURSION = YES;
				CLANG_WARN_INT_CONVERSION = YES;
				CLANG_WARN_OBJC_ROOT_CLASS = YES_ERROR;
				CLANG_WARN_SUSPICIOUS_MOVES = YES;
				CLANG_WARN_UNREACHABLE_CODE = YES;
				CLANG_WARN__DUPLICATE_METHOD_MATCH = YES;
				"CODE_SIGN_IDENTITY[sdk=iphoneos*]" = "iPhone Developer";
				COPY_PHASE_STRIP = NO;
				DEBUG_INFORMATION_FORMAT = "dwarf-with-dsym";
				ENABLE_NS_ASSERTIONS = NO;
				ENABLE_STRICT_OBJC_MSGSEND = YES;
				GCC_C_LANGUAGE_STANDARD = gnu99;
				GCC_NO_COMMON_BLOCKS = YES;
				GCC_WARN_64_TO_32_BIT_CONVERSION = YES;
				GCC_WARN_ABOUT_RETURN_TYPE = YES_ERROR;
				GCC_WARN_UNDECLARED_SELECTOR = YES;
				GCC_WARN_UNINITIALIZED_AUTOS = YES_AGGRESSIVE;
				GCC_WARN_UNUSED_FUNCTION = YES;
				GCC_WARN_UNUSED_VARIABLE = YES;
				IPHONEOS_DEPLOYMENT_TARGET = 10.0;
				MTL_ENABLE_DEBUG_INFO = NO;
				SDKROOT = iphoneos;
				VALIDATE_PRODUCT = YES;
			};
			name = Release;
		};
		8CB392AF1DE10BDF00576B3F /* Debug */ = {
			isa = XCBuildConfiguration;
			buildSettings = {
				ASSETCATALOG_COMPILER_APPICON_NAME = AppIcon;
				INFOPLIST_FILE = LLLockScreen/Info.plist;
				LD_RUNPATH_SEARCH_PATHS = "$(inherited) @executable_path/Frameworks";
				PRODUCT_BUNDLE_IDENTIFIER = com.LL.LLLockScreen;
				PRODUCT_NAME = "$(TARGET_NAME)";
			};
			name = Debug;
		};
		8CB392B01DE10BDF00576B3F /* Release */ = {
			isa = XCBuildConfiguration;
			buildSettings = {
				ASSETCATALOG_COMPILER_APPICON_NAME = AppIcon;
				INFOPLIST_FILE = LLLockScreen/Info.plist;
				LD_RUNPATH_SEARCH_PATHS = "$(inherited) @executable_path/Frameworks";
				PRODUCT_BUNDLE_IDENTIFIER = com.LL.LLLockScreen;
				PRODUCT_NAME = "$(TARGET_NAME)";
			};
			name = Release;
		};
/* End XCBuildConfiguration section */

/* Begin XCConfigurationList section */
		8CB392921DE10BDF00576B3F /* Build configuration list for PBXProject "LLLockScreen" */ = {
			isa = XCConfigurationList;
			buildConfigurations = (
				8CB392AC1DE10BDF00576B3F /* Debug */,
				8CB392AD1DE10BDF00576B3F /* Release */,
			);
			defaultConfigurationIsVisible = 0;
			defaultConfigurationName = Release;
		};
		8CB392AE1DE10BDF00576B3F /* Build configuration list for PBXNativeTarget "LLLockScreen" */ = {
			isa = XCConfigurationList;
			buildConfigurations = (
				8CB392AF1DE10BDF00576B3F /* Debug */,
				8CB392B01DE10BDF00576B3F /* Release */,
			);
			defaultConfigurationIsVisible = 0;
		};
/* End XCConfigurationList section */
	};
	rootObject = 8CB3928F1DE10BDF00576B3F /* Project object */;
}
